{
  "name": "brooyams-odin-dropdown",
  "version": "1.0.0",
  "lockfileVersion": 3,
  "requires": true,
  "packages": {
    "": {
      "name": "brooyams-odin-dropdown",
      "version": "1.0.0",
      "license": "ISC",
      "dependencies": {
        "brooyams-odin-dropdown": "^1.0.0"
      }
    },
    "node_modules/brooyams-odin-dropdown": {
      "version": "1.0.0",
      "resolved": "https://registry.npmjs.org/brooyams-odin-dropdown/-/brooyams-odin-dropdown-1.0.0.tgz",
      "integrity": "sha512-gasjRxhUmZAG+WfIvbJI03lch65qJo1PiBOSrI+v110881toSgBbDW6yel1TQXlxOtXryMnv01QZa26ZYMRE4A==",
      "license": "ISC"
    }
  }
}
